{
  "version": 4,
  "terraform_version": "1.10.1",
  "serial": 1,
  "lineage": "7f75796b-f8a0-131b-3830-c01707b2f909",
  "outputs": {},
  "resources": [
    {
      "module": "module.kafka",
      "mode": "managed",
      "type": "kafka_topic",
      "name": "email_service_topic",
      "provider": "module.kafka.provider[\"registry.terraform.io/mongey/kafka\"]",
      "instances": [
        {
          "schema_version": 0,
          "attributes": {
            "config": null,
            "id": "email_service_topic",
            "name": "email_service_topic",
            "partitions": 1,
            "replication_factor": 1
          },
          "sensitive_attributes": [],
          "private": "bnVsbA=="
        }
      ]
    }
  ],
  "check_results": null
}
